
Microsoft Visual Studio Solution File, Format Version 12.00
# Visual Studio Version 17
VisualStudioVersion = 17.14.36414.22
MinimumVisualStudioVersion = 10.0.40219.1
Project("{FAE04EC0-301F-11D3-BF4B-00C04F79EFBC}") = "ProjectManagementApp", "ProjectManagementApp\ProjectManagementApp.csproj", "{2C78B8AE-998B-4E94-99BD-179A2B00FE12}"
	ProjectSection(ProjectDependencies) = postProject
		{097C8FBC-2CCD-4FD6-9EA1-52C07F24F3F9} = {097C8FBC-2CCD-4FD6-9EA1-52C07F24F3F9}
		{FA92B716-E179-47EE-99ED-F59446F92FCC} = {FA92B716-E179-47EE-99ED-F59446F92FCC}
	EndProjectSection
EndProject
Project("{FAE04EC0-301F-11D3-BF4B-00C04F79EFBC}") = "ProjectManagementEntities", "ProjectManagementEntities\ProjectManagementEntities.csproj", "{FA92B716-E179-47EE-99ED-F59446F92FCC}"
EndProject
Project("{FAE04EC0-301F-11D3-BF4B-00C04F79EFBC}") = "ProjectManagementDatabase", "ProjectManagementDatabase\ProjectManagementDatabase.csproj", "{097C8FBC-2CCD-4FD6-9EA1-52C07F24F3F9}"
	ProjectSection(ProjectDependencies) = postProject
		{FA92B716-E179-47EE-99ED-F59446F92FCC} = {FA92B716-E179-47EE-99ED-F59446F92FCC}
	EndProjectSection
EndProject
Global
	GlobalSection(SolutionConfigurationPlatforms) = preSolution
		Debug|Any CPU = Debug|Any CPU
		Release|Any CPU = Release|Any CPU
	EndGlobalSection
	GlobalSection(ProjectConfigurationPlatforms) = postSolution
		{2C78B8AE-998B-4E94-99BD-179A2B00FE12}.Debug|Any CPU.ActiveCfg = Debug|Any CPU
		{2C78B8AE-998B-4E94-99BD-179A2B00FE12}.Debug|Any CPU.Build.0 = Debug|Any CPU
		{2C78B8AE-998B-4E94-99BD-179A2B00FE12}.Release|Any CPU.ActiveCfg = Release|Any CPU
		{2C78B8AE-998B-4E94-99BD-179A2B00FE12}.Release|Any CPU.Build.0 = Release|Any CPU
		{FA92B716-E179-47EE-99ED-F59446F92FCC}.Debug|Any CPU.ActiveCfg = Debug|Any CPU
		{FA92B716-E179-47EE-99ED-F59446F92FCC}.Debug|Any CPU.Build.0 = Debug|Any CPU
		{FA92B716-E179-47EE-99ED-F59446F92FCC}.Release|Any CPU.ActiveCfg = Release|Any CPU
		{FA92B716-E179-47EE-99ED-F59446F92FCC}.Release|Any CPU.Build.0 = Release|Any CPU
		{097C8FBC-2CCD-4FD6-9EA1-52C07F24F3F9}.Debug|Any CPU.ActiveCfg = Debug|Any CPU
		{097C8FBC-2CCD-4FD6-9EA1-52C07F24F3F9}.Debug|Any CPU.Build.0 = Debug|Any CPU
		{097C8FBC-2CCD-4FD6-9EA1-52C07F24F3F9}.Release|Any CPU.ActiveCfg = Release|Any CPU
		{097C8FBC-2CCD-4FD6-9EA1-52C07F24F3F9}.Release|Any CPU.Build.0 = Release|Any CPU
	EndGlobalSection
	GlobalSection(SolutionProperties) = preSolution
		HideSolutionNode = FALSE
	EndGlobalSection
	GlobalSection(ExtensibilityGlobals) = postSolution
		SolutionGuid = {D5FD86B9-4DB1-4A63-B36C-4F2ECF3B38D2}
	EndGlobalSection
EndGlobal
